
Microsoft Visual Studio Solution File, Format Version 12.00
# Visual Studio Version 16
VisualStudioVersion = 16.0.30413.136
MinimumVisualStudioVersion = 10.0.40219.1
Project("{888888A0-9F3D-457C-B088-3A5042F75D52}") = "Euroopa riigid", "Euroopa riigid.pyproj", "{238F777E-E8C0-4D9A-904E-9DD3DC93D375}"
EndProject
Global
	GlobalSection(SolutionConfigurationPlatforms) = preSolution
		Debug|Any CPU = Debug|Any CPU
		Release|Any CPU = Release|Any CPU
	EndGlobalSection
	GlobalSection(ProjectConfigurationPlatforms) = postSolution
		{238F777E-E8C0-4D9A-904E-9DD3DC93D375}.Debug|Any CPU.ActiveCfg = Debug|Any CPU
		{238F777E-E8C0-4D9A-904E-9DD3DC93D375}.Release|Any CPU.ActiveCfg = Release|Any CPU
	EndGlobalSection
	GlobalSection(SolutionProperties) = preSolution
		HideSolutionNode = FALSE
	EndGlobalSection
	GlobalSection(ExtensibilityGlobals) = postSolution
		SolutionGuid = {D6BB2950-9B1F-49D6-A71F-451DC9090F5D}
	EndGlobalSection
EndGlobal
